
Microsoft Visual Studio Solution File, Format Version 12.00
# Visual Studio Version 16
VisualStudioVersion = 16.0.30804.86
MinimumVisualStudioVersion = 10.0.40219.1
Project("{9A19103F-16F7-4668-BE54-9A1E7A4F7556}") = "ClownCMS", "ClownCMS\ClownCMS.csproj", "{EE4C1BAC-AC5B-43BD-9E05-62E89B84D222}"
EndProject
Project("{FAE04EC0-301F-11D3-BF4B-00C04F79EFBC}") = "Authentication.Common", "Authentication.Common\Authentication.Common.csproj", "{52BEAF94-A7AC-4D60-B82E-907A8C490BC5}"
EndProject
Project("{FAE04EC0-301F-11D3-BF4B-00C04F79EFBC}") = "Authentication.Auth.API", "Authentication.Auth.API\Authentication.Auth.API.csproj", "{CAE6B26A-C6A3-494C-9F54-7BB56B256A47}"
EndProject
Global
	GlobalSection(SolutionConfigurationPlatforms) = preSolution
		Debug|Any CPU = Debug|Any CPU
		Release|Any CPU = Release|Any CPU
	EndGlobalSection
	GlobalSection(ProjectConfigurationPlatforms) = postSolution
		{EE4C1BAC-AC5B-43BD-9E05-62E89B84D222}.Debug|Any CPU.ActiveCfg = Debug|Any CPU
		{EE4C1BAC-AC5B-43BD-9E05-62E89B84D222}.Debug|Any CPU.Build.0 = Debug|Any CPU
		{EE4C1BAC-AC5B-43BD-9E05-62E89B84D222}.Release|Any CPU.ActiveCfg = Release|Any CPU
		{EE4C1BAC-AC5B-43BD-9E05-62E89B84D222}.Release|Any CPU.Build.0 = Release|Any CPU
		{52BEAF94-A7AC-4D60-B82E-907A8C490BC5}.Debug|Any CPU.ActiveCfg = Debug|Any CPU
		{52BEAF94-A7AC-4D60-B82E-907A8C490BC5}.Debug|Any CPU.Build.0 = Debug|Any CPU
		{52BEAF94-A7AC-4D60-B82E-907A8C490BC5}.Release|Any CPU.ActiveCfg = Release|Any CPU
		{52BEAF94-A7AC-4D60-B82E-907A8C490BC5}.Release|Any CPU.Build.0 = Release|Any CPU
		{CAE6B26A-C6A3-494C-9F54-7BB56B256A47}.Debug|Any CPU.ActiveCfg = Debug|Any CPU
		{CAE6B26A-C6A3-494C-9F54-7BB56B256A47}.Debug|Any CPU.Build.0 = Debug|Any CPU
		{CAE6B26A-C6A3-494C-9F54-7BB56B256A47}.Release|Any CPU.ActiveCfg = Release|Any CPU
		{CAE6B26A-C6A3-494C-9F54-7BB56B256A47}.Release|Any CPU.Build.0 = Release|Any CPU
	EndGlobalSection
	GlobalSection(SolutionProperties) = preSolution
		HideSolutionNode = FALSE
	EndGlobalSection
	GlobalSection(ExtensibilityGlobals) = postSolution
		SolutionGuid = {968771CD-3ABD-4A06-A281-F311DBD7D303}
	EndGlobalSection
EndGlobal
